
Microsoft Visual Studio Solution File, Format Version 12.00
# Visual Studio 15
VisualStudioVersion = 15.0.28307.572
MinimumVisualStudioVersion = 10.0.40219.1
Project("{FAE04EC0-301F-11D3-BF4B-00C04F79EFBC}") = "TestownikKolorow", "TestownikKolorow\TestownikKolorow.csproj", "{C3E504EC-8C56-4170-AF2D-C22AB01FFDA5}"
EndProject
Global
	GlobalSection(SolutionConfigurationPlatforms) = preSolution
		Debug|Any CPU = Debug|Any CPU
		Release|Any CPU = Release|Any CPU
	EndGlobalSection
	GlobalSection(ProjectConfigurationPlatforms) = postSolution
		{C3E504EC-8C56-4170-AF2D-C22AB01FFDA5}.Debug|Any CPU.ActiveCfg = Debug|Any CPU
		{C3E504EC-8C56-4170-AF2D-C22AB01FFDA5}.Debug|Any CPU.Build.0 = Debug|Any CPU
		{C3E504EC-8C56-4170-AF2D-C22AB01FFDA5}.Release|Any CPU.ActiveCfg = Release|Any CPU
		{C3E504EC-8C56-4170-AF2D-C22AB01FFDA5}.Release|Any CPU.Build.0 = Release|Any CPU
	EndGlobalSection
	GlobalSection(SolutionProperties) = preSolution
		HideSolutionNode = FALSE
	EndGlobalSection
	GlobalSection(ExtensibilityGlobals) = postSolution
		SolutionGuid = {AAE2A3BF-9808-489B-8B18-1025DE12B6A6}
	EndGlobalSection
EndGlobal
